PODS:
  - Flutter (1.0.0)
  - nfc_manager (0.0.1):
    - Flutter
  - path_provider_foundation (0.0.1):
    - Flutter
    - FlutterMacOS
  - screen_brightness_ios (0.1.0):
    - Flutter

DEPENDENCIES:
  - Flutter (from `Flutter`)
  - nfc_manager (from `.symlinks/plugins/nfc_manager/ios`)
  - path_provider_foundation (from `.symlinks/plugins/path_provider_foundation/darwin`)
  - screen_brightness_ios (from `.symlinks/plugins/screen_brightness_ios/ios`)

EXTERNAL SOURCES:
  Flutter:
    :path: Flutter
  nfc_manager:
    :path: ".symlinks/plugins/nfc_manager/ios"
  path_provider_foundation:
    :path: ".symlinks/plugins/path_provider_foundation/darwin"
  screen_brightness_ios:
    :path: ".symlinks/plugins/screen_brightness_ios/ios"

SPEC CHECKSUMS:
  Flutter: f04841e97a9d0b0a8025694d0796dd46242b2854
  nfc_manager: d7da7cb781f7744b94df5fe9dbca904ac4a0939e
  path_provider_foundation: 29f094ae23ebbca9d3d0cec13889cd9060c0e943
  screen_brightness_ios: 715ca807df953bf676d339f11464e438143ee625

PODFILE CHECKSUM: 70d9d25280d0dd177a5f637cdb0f0b0b12c6a189

COCOAPODS: 1.12.1
